
Microsoft Visual Studio Solution File, Format Version 12.00
# Visual Studio 15
VisualStudioVersion = 15.0.27428.2005
MinimumVisualStudioVersion = 10.0.40219.1
Project("{FAE04EC0-301F-11D3-BF4B-00C04F79EFBC}") = "XFormsApp.Android", "XFormsApp\XFormsApp.Android\XFormsApp.Android.csproj", "{97684173-E63A-4BF4-87F2-F834E52A21CF}"
EndProject
Project("{FAE04EC0-301F-11D3-BF4B-00C04F79EFBC}") = "XFormsApp.iOS", "XFormsApp\XFormsApp.iOS\XFormsApp.iOS.csproj", "{993360E9-CE09-442B-A68A-2E9781904149}"
EndProject
Project("{FAE04EC0-301F-11D3-BF4B-00C04F79EFBC}") = "XFormsApp.UWP", "XFormsApp\XFormsApp.UWP\XFormsApp.UWP.csproj", "{1016BEEA-9B5C-4896-AF57-648ABA1E9CBF}"
EndProject
Project("{9A19103F-16F7-4668-BE54-9A1E7A4F7556}") = "XFormsApp", "XFormsApp\XFormsApp\XFormsApp.csproj", "{41109158-8770-49FF-8671-61240DEAC16F}"
EndProject
Global
	GlobalSection(SolutionConfigurationPlatforms) = preSolution
		Ad-Hoc|Any CPU = Ad-Hoc|Any CPU
		Ad-Hoc|ARM = Ad-Hoc|ARM
		Ad-Hoc|iPhone = Ad-Hoc|iPhone
		Ad-Hoc|iPhoneSimulator = Ad-Hoc|iPhoneSimulator
		Ad-Hoc|x64 = Ad-Hoc|x64
		Ad-Hoc|x86 = Ad-Hoc|x86
		AppStore|Any CPU = AppStore|Any CPU
		AppStore|ARM = AppStore|ARM
		AppStore|iPhone = AppStore|iPhone
		AppStore|iPhoneSimulator = AppStore|iPhoneSimulator
		AppStore|x64 = AppStore|x64
		AppStore|x86 = AppStore|x86
		Debug|Any CPU = Debug|Any CPU
		Debug|ARM = Debug|ARM
		Debug|iPhone = Debug|iPhone
		Debug|iPhoneSimulator = Debug|iPhoneSimulator
		Debug|x64 = Debug|x64
		Debug|x86 = Debug|x86
		Release|Any CPU = Release|Any CPU
		Release|ARM = Release|ARM
		Release|iPhone = Release|iPhone
		Release|iPhoneSimulator = Release|iPhoneSimulator
		Release|x64 = Release|x64
		Release|x86 = Release|x86
	EndGlobalSection
	GlobalSection(ProjectConfigurationPlatforms) = postSolution
		{97684173-E63A-4BF4-87F2-F834E52A21CF}.Ad-Hoc|Any CPU.ActiveCfg = Release|Any CPU
		{97684173-E63A-4BF4-87F2-F834E52A21CF}.Ad-Hoc|Any CPU.Build.0 = Release|Any CPU
		{97684173-E63A-4BF4-87F2-F834E52A21CF}.Ad-Hoc|Any CPU.Deploy.0 = Release|Any CPU
		{97684173-E63A-4BF4-87F2-F834E52A21CF}.Ad-Hoc|ARM.ActiveCfg = Release|Any CPU
		{97684173-E63A-4BF4-87F2-F834E52A21CF}.Ad-Hoc|ARM.Build.0 = Release|Any CPU
		{97684173-E63A-4BF4-87F2-F834E52A21CF}.Ad-Hoc|ARM.Deploy.0 = Release|Any CPU
		{97684173-E63A-4BF4-87F2-F834E52A21CF}.Ad-Hoc|iPhone.ActiveCfg = Release|Any CPU
		{97684173-E63A-4BF4-87F2-F834E52A21CF}.Ad-Hoc|iPhone.Build.0 = Release|Any CPU
		{97684173-E63A-4BF4-87F2-F834E52A21CF}.Ad-Hoc|iPhone.Deploy.0 = Release|Any CPU
		{97684173-E63A-4BF4-87F2-F834E52A21CF}.Ad-Hoc|iPhoneSimulator.ActiveCfg = Release|Any CPU
		{97684173-E63A-4BF4-87F2-F834E52A21CF}.Ad-Hoc|iPhoneSimulator.Build.0 = Release|Any CPU
		{97684173-E63A-4BF4-87F2-F834E52A21CF}.Ad-Hoc|iPhoneSimulator.Deploy.0 = Release|Any CPU
		{97684173-E63A-4BF4-87F2-F834E52A21CF}.Ad-Hoc|x64.ActiveCfg = Release|Any CPU
		{97684173-E63A-4BF4-87F2-F834E52A21CF}.Ad-Hoc|x64.Build.0 = Release|Any CPU
		{97684173-E63A-4BF4-87F2-F834E52A21CF}.Ad-Hoc|x64.Deploy.0 = Release|Any CPU
		{97684173-E63A-4BF4-87F2-F834E52A21CF}.Ad-Hoc|x86.ActiveCfg = Release|Any CPU
		{97684173-E63A-4BF4-87F2-F834E52A21CF}.Ad-Hoc|x86.Build.0 = Release|Any CPU
		{97684173-E63A-4BF4-87F2-F834E52A21CF}.Ad-Hoc|x86.Deploy.0 = Release|Any CPU
		{97684173-E63A-4BF4-87F2-F834E52A21CF}.AppStore|Any CPU.ActiveCfg = Release|Any CPU
		{97684173-E63A-4BF4-87F2-F834E52A21CF}.AppStore|Any CPU.Build.0 = Release|Any CPU
		{97684173-E63A-4BF4-87F2-F834E52A21CF}.AppStore|Any CPU.Deploy.0 = Release|Any CPU
		{97684173-E63A-4BF4-87F2-F834E52A21CF}.AppStore|ARM.ActiveCfg = Release|Any CPU
		{97684173-E63A-4BF4-87F2-F834E52A21CF}.AppStore|ARM.Build.0 = Release|Any CPU
		{97684173-E63A-4BF4-87F2-F834E52A21CF}.AppStore|ARM.Deploy.0 = Release|Any CPU
		{97684173-E63A-4BF4-87F2-F834E52A21CF}.AppStore|iPhone.ActiveCfg = Release|Any CPU
		{97684173-E63A-4BF4-87F2-F834E52A21CF}.AppStore|iPhone.Build.0 = Release|Any CPU
		{97684173-E63A-4BF4-87F2-F834E52A21CF}.AppStore|iPhone.Deploy.0 = Release|Any CPU
		{97684173-E63A-4BF4-87F2-F834E52A21CF}.AppStore|iPhoneSimulator.ActiveCfg = Release|Any CPU
		{97684173-E63A-4BF4-87F2-F834E52A21CF}.AppStore|iPhoneSimulator.Build.0 = Release|Any CPU
		{97684173-E63A-4BF4-87F2-F834E52A21CF}.AppStore|iPhoneSimulator.Deploy.0 = Release|Any CPU
		{97684173-E63A-4BF4-87F2-F834E52A21CF}.AppStore|x64.ActiveCfg = Release|Any CPU
		{97684173-E63A-4BF4-87F2-F834E52A21CF}.AppStore|x64.Build.0 = Release|Any CPU
		{97684173-E63A-4BF4-87F2-F834E52A21CF}.AppStore|x64.Deploy.0 = Release|Any CPU
		{97684173-E63A-4BF4-87F2-F834E52A21CF}.AppStore|x86.ActiveCfg = Release|Any CPU
		{97684173-E63A-4BF4-87F2-F834E52A21CF}.AppStore|x86.Build.0 = Release|Any CPU
		{97684173-E63A-4BF4-87F2-F834E52A21CF}.AppStore|x86.Deploy.0 = Release|Any CPU
		{97684173-E63A-4BF4-87F2-F834E52A21CF}.Debug|Any CPU.ActiveCfg = Debug|Any CPU
		{97684173-E63A-4BF4-87F2-F834E52A21CF}.Debug|Any CPU.Build.0 = Debug|Any CPU
		{97684173-E63A-4BF4-87F2-F834E52A21CF}.Debug|Any CPU.Deploy.0 = Debug|Any CPU
		{97684173-E63A-4BF4-87F2-F834E52A21CF}.Debug|ARM.ActiveCfg = Debug|Any CPU
		{97684173-E63A-4BF4-87F2-F834E52A21CF}.Debug|ARM.Build.0 = Debug|Any CPU
		{97684173-E63A-4BF4-87F2-F834E52A21CF}.Debug|ARM.Deploy.0 = Debug|Any CPU
		{97684173-E63A-4BF4-87F2-F834E52A21CF}.Debug|iPhone.ActiveCfg = Debug|Any CPU
		{97684173-E63A-4BF4-87F2-F834E52A21CF}.Debug|iPhone.Build.0 = Debug|Any CPU
		{97684173-E63A-4BF4-87F2-F834E52A21CF}.Debug|iPhone.Deploy.0 = Debug|Any CPU
		{97684173-E63A-4BF4-87F2-F834E52A21CF}.Debug|iPhoneSimulator.ActiveCfg = Debug|Any CPU
		{97684173-E63A-4BF4-87F2-F834E52A21CF}.Debug|iPhoneSimulator.Build.0 = Debug|Any CPU
		{97684173-E63A-4BF4-87F2-F834E52A21CF}.Debug|iPhoneSimulator.Deploy.0 = Debug|Any CPU
		{97684173-E63A-4BF4-87F2-F834E52A21CF}.Debug|x64.ActiveCfg = Debug|Any CPU
		{97684173-E63A-4BF4-87F2-F834E52A21CF}.Debug|x64.Build.0 = Debug|Any CPU
		{97684173-E63A-4BF4-87F2-F834E52A21CF}.Debug|x64.Deploy.0 = Debug|Any CPU
		{97684173-E63A-4BF4-87F2-F834E52A21CF}.Debug|x86.ActiveCfg = Debug|Any CPU
		{97684173-E63A-4BF4-87F2-F834E52A21CF}.Debug|x86.Build.0 = Debug|Any CPU
		{97684173-E63A-4BF4-87F2-F834E52A21CF}.Debug|x86.Deploy.0 = Debug|Any CPU
		{97684173-E63A-4BF4-87F2-F834E52A21CF}.Release|Any CPU.ActiveCfg = Release|Any CPU
		{97684173-E63A-4BF4-87F2-F834E52A21CF}.Release|Any CPU.Build.0 = Release|Any CPU
		{97684173-E63A-4BF4-87F2-F834E52A21CF}.Release|Any CPU.Deploy.0 = Release|Any CPU
		{97684173-E63A-4BF4-87F2-F834E52A21CF}.Release|ARM.ActiveCfg = Release|Any CPU
		{97684173-E63A-4BF4-87F2-F834E52A21CF}.Release|ARM.Build.0 = Release|Any CPU
		{97684173-E63A-4BF4-87F2-F834E52A21CF}.Release|ARM.Deploy.0 = Release|Any CPU
		{97684173-E63A-4BF4-87F2-F834E52A21CF}.Release|iPhone.ActiveCfg = Release|Any CPU
		{97684173-E63A-4BF4-87F2-F834E52A21CF}.Release|iPhone.Build.0 = Release|Any CPU
		{97684173-E63A-4BF4-87F2-F834E52A21CF}.Release|iPhone.Deploy.0 = Release|Any CPU
		{97684173-E63A-4BF4-87F2-F834E52A21CF}.Release|iPhoneSimulator.ActiveCfg = Release|Any CPU
		{97684173-E63A-4BF4-87F2-F834E52A21CF}.Release|iPhoneSimulator.Build.0 = Release|Any CPU
		{97684173-E63A-4BF4-87F2-F834E52A21CF}.Release|iPhoneSimulator.Deploy.0 = Release|Any CPU
		{97684173-E63A-4BF4-87F2-F834E52A21CF}.Release|x64.ActiveCfg = Release|Any CPU
		{97684173-E63A-4BF4-87F2-F834E52A21CF}.Release|x64.Build.0 = Release|Any CPU
		{97684173-E63A-4BF4-87F2-F834E52A21CF}.Release|x64.Deploy.0 = Release|Any CPU
		{97684173-E63A-4BF4-87F2-F834E52A21CF}.Release|x86.ActiveCfg = Release|Any CPU
		{97684173-E63A-4BF4-87F2-F834E52A21CF}.Release|x86.Build.0 = Release|Any CPU
		{97684173-E63A-4BF4-87F2-F834E52A21CF}.Release|x86.Deploy.0 = Release|Any CPU
		{993360E9-CE09-442B-A68A-2E9781904149}.Ad-Hoc|Any CPU.ActiveCfg = Ad-Hoc|iPhone
		{993360E9-CE09-442B-A68A-2E9781904149}.Ad-Hoc|ARM.ActiveCfg = Ad-Hoc|iPhone
		{993360E9-CE09-442B-A68A-2E9781904149}.Ad-Hoc|iPhone.ActiveCfg = Ad-Hoc|iPhone
		{993360E9-CE09-442B-A68A-2E9781904149}.Ad-Hoc|iPhone.Build.0 = Ad-Hoc|iPhone
		{993360E9-CE09-442B-A68A-2E9781904149}.Ad-Hoc|iPhoneSimulator.ActiveCfg = Ad-Hoc|iPhoneSimulator
		{993360E9-CE09-442B-A68A-2E9781904149}.Ad-Hoc|iPhoneSimulator.Build.0 = Ad-Hoc|iPhoneSimulator
		{993360E9-CE09-442B-A68A-2E9781904149}.Ad-Hoc|x64.ActiveCfg = Ad-Hoc|iPhone
		{993360E9-CE09-442B-A68A-2E9781904149}.Ad-Hoc|x86.ActiveCfg = Ad-Hoc|iPhone
		{993360E9-CE09-442B-A68A-2E9781904149}.AppStore|Any CPU.ActiveCfg = AppStore|iPhone
		{993360E9-CE09-442B-A68A-2E9781904149}.AppStore|ARM.ActiveCfg = AppStore|iPhone
		{993360E9-CE09-442B-A68A-2E9781904149}.AppStore|iPhone.ActiveCfg = AppStore|iPhone
		{993360E9-CE09-442B-A68A-2E9781904149}.AppStore|iPhone.Build.0 = AppStore|iPhone
		{993360E9-CE09-442B-A68A-2E9781904149}.AppStore|iPhoneSimulator.ActiveCfg = AppStore|iPhoneSimulator
		{993360E9-CE09-442B-A68A-2E9781904149}.AppStore|iPhoneSimulator.Build.0 = AppStore|iPhoneSimulator
		{993360E9-CE09-442B-A68A-2E9781904149}.AppStore|x64.ActiveCfg = AppStore|iPhone
		{993360E9-CE09-442B-A68A-2E9781904149}.AppStore|x86.ActiveCfg = AppStore|iPhone
		{993360E9-CE09-442B-A68A-2E9781904149}.Debug|Any CPU.ActiveCfg = Debug|iPhone
		{993360E9-CE09-442B-A68A-2E9781904149}.Debug|ARM.ActiveCfg = Debug|iPhone
		{993360E9-CE09-442B-A68A-2E9781904149}.Debug|iPhone.ActiveCfg = Debug|iPhone
		{993360E9-CE09-442B-A68A-2E9781904149}.Debug|iPhone.Build.0 = Debug|iPhone
		{993360E9-CE09-442B-A68A-2E9781904149}.Debug|iPhoneSimulator.ActiveCfg = Debug|iPhoneSimulator
		{993360E9-CE09-442B-A68A-2E9781904149}.Debug|iPhoneSimulator.Build.0 = Debug|iPhoneSimulator
		{993360E9-CE09-442B-A68A-2E9781904149}.Debug|x64.ActiveCfg = Debug|iPhone
		{993360E9-CE09-442B-A68A-2E9781904149}.Debug|x86.ActiveCfg = Debug|iPhone
		{993360E9-CE09-442B-A68A-2E9781904149}.Release|Any CPU.ActiveCfg = Release|iPhone
		{993360E9-CE09-442B-A68A-2E9781904149}.Release|ARM.ActiveCfg = Release|iPhone
		{993360E9-CE09-442B-A68A-2E9781904149}.Release|iPhone.ActiveCfg = Release|iPhone
		{993360E9-CE09-442B-A68A-2E9781904149}.Release|iPhone.Build.0 = Release|iPhone
		{993360E9-CE09-442B-A68A-2E9781904149}.Release|iPhoneSimulator.ActiveCfg = Release|iPhoneSimulator
		{993360E9-CE09-442B-A68A-2E9781904149}.Release|iPhoneSimulator.Build.0 = Release|iPhoneSimulator
		{993360E9-CE09-442B-A68A-2E9781904149}.Release|x64.ActiveCfg = Release|iPhone
		{993360E9-CE09-442B-A68A-2E9781904149}.Release|x86.ActiveCfg = Release|iPhone
		{1016BEEA-9B5C-4896-AF57-648ABA1E9CBF}.Ad-Hoc|Any CPU.ActiveCfg = Release|x86
		{1016BEEA-9B5C-4896-AF57-648ABA1E9CBF}.Ad-Hoc|Any CPU.Build.0 = Release|x86
		{1016BEEA-9B5C-4896-AF57-648ABA1E9CBF}.Ad-Hoc|Any CPU.Deploy.0 = Release|x86
		{1016BEEA-9B5C-4896-AF57-648ABA1E9CBF}.Ad-Hoc|ARM.ActiveCfg = Release|ARM
		{1016BEEA-9B5C-4896-AF57-648ABA1E9CBF}.Ad-Hoc|ARM.Build.0 = Release|ARM
		{1016BEEA-9B5C-4896-AF57-648ABA1E9CBF}.Ad-Hoc|ARM.Deploy.0 = Release|ARM
		{1016BEEA-9B5C-4896-AF57-648ABA1E9CBF}.Ad-Hoc|iPhone.ActiveCfg = Release|x86
		{1016BEEA-9B5C-4896-AF57-648ABA1E9CBF}.Ad-Hoc|iPhone.Build.0 = Release|x86
		{1016BEEA-9B5C-4896-AF57-648ABA1E9CBF}.Ad-Hoc|iPhone.Deploy.0 = Release|x86
		{1016BEEA-9B5C-4896-AF57-648ABA1E9CBF}.Ad-Hoc|iPhoneSimulator.ActiveCfg = Release|x86
		{1016BEEA-9B5C-4896-AF57-648ABA1E9CBF}.Ad-Hoc|iPhoneSimulator.Build.0 = Release|x86
		{1016BEEA-9B5C-4896-AF57-648ABA1E9CBF}.Ad-Hoc|iPhoneSimulator.Deploy.0 = Release|x86
		{1016BEEA-9B5C-4896-AF57-648ABA1E9CBF}.Ad-Hoc|x64.ActiveCfg = Release|x64
		{1016BEEA-9B5C-4896-AF57-648ABA1E9CBF}.Ad-Hoc|x64.Build.0 = Release|x64
		{1016BEEA-9B5C-4896-AF57-648ABA1E9CBF}.Ad-Hoc|x64.Deploy.0 = Release|x64
		{1016BEEA-9B5C-4896-AF57-648ABA1E9CBF}.Ad-Hoc|x86.ActiveCfg = Release|x86
		{1016BEEA-9B5C-4896-AF57-648ABA1E9CBF}.Ad-Hoc|x86.Build.0 = Release|x86
		{1016BEEA-9B5C-4896-AF57-648ABA1E9CBF}.Ad-Hoc|x86.Deploy.0 = Release|x86
		{1016BEEA-9B5C-4896-AF57-648ABA1E9CBF}.AppStore|Any CPU.ActiveCfg = Release|x86
		{1016BEEA-9B5C-4896-AF57-648ABA1E9CBF}.AppStore|Any CPU.Build.0 = Release|x86
		{1016BEEA-9B5C-4896-AF57-648ABA1E9CBF}.AppStore|Any CPU.Deploy.0 = Release|x86
		{1016BEEA-9B5C-4896-AF57-648ABA1E9CBF}.AppStore|ARM.ActiveCfg = Release|ARM
		{1016BEEA-9B5C-4896-AF57-648ABA1E9CBF}.AppStore|ARM.Build.0 = Release|ARM
		{1016BEEA-9B5C-4896-AF57-648ABA1E9CBF}.AppStore|ARM.Deploy.0 = Release|ARM
		{1016BEEA-9B5C-4896-AF57-648ABA1E9CBF}.AppStore|iPhone.ActiveCfg = Release|x86
		{1016BEEA-9B5C-4896-AF57-648ABA1E9CBF}.AppStore|iPhone.Build.0 = Release|x86
		{1016BEEA-9B5C-4896-AF57-648ABA1E9CBF}.AppStore|iPhone.Deploy.0 = Release|x86
		{1016BEEA-9B5C-4896-AF57-648ABA1E9CBF}.AppStore|iPhoneSimulator.ActiveCfg = Release|x86
		{1016BEEA-9B5C-4896-AF57-648ABA1E9CBF}.AppStore|iPhoneSimulator.Build.0 = Release|x86
		{1016BEEA-9B5C-4896-AF57-648ABA1E9CBF}.AppStore|iPhoneSimulator.Deploy.0 = Release|x86
		{1016BEEA-9B5C-4896-AF57-648ABA1E9CBF}.AppStore|x64.ActiveCfg = Release|x64
		{1016BEEA-9B5C-4896-AF57-648ABA1E9CBF}.AppStore|x64.Build.0 = Release|x64
		{1016BEEA-9B5C-4896-AF57-648ABA1E9CBF}.AppStore|x64.Deploy.0 = Release|x64
		{1016BEEA-9B5C-4896-AF57-648ABA1E9CBF}.AppStore|x86.ActiveCfg = Release|x86
		{1016BEEA-9B5C-4896-AF57-648ABA1E9CBF}.AppStore|x86.Build.0 = Release|x86
		{1016BEEA-9B5C-4896-AF57-648ABA1E9CBF}.AppStore|x86.Deploy.0 = Release|x86
		{1016BEEA-9B5C-4896-AF57-648ABA1E9CBF}.Debug|Any CPU.ActiveCfg = Debug|x86
		{1016BEEA-9B5C-4896-AF57-648ABA1E9CBF}.Debug|ARM.ActiveCfg = Debug|ARM
		{1016BEEA-9B5C-4896-AF57-648ABA1E9CBF}.Debug|ARM.Build.0 = Debug|ARM
		{1016BEEA-9B5C-4896-AF57-648ABA1E9CBF}.Debug|ARM.Deploy.0 = Debug|ARM
		{1016BEEA-9B5C-4896-AF57-648ABA1E9CBF}.Debug|iPhone.ActiveCfg = Debug|x86
		{1016BEEA-9B5C-4896-AF57-648ABA1E9CBF}.Debug|iPhoneSimulator.ActiveCfg = Debug|x86
		{1016BEEA-9B5C-4896-AF57-648ABA1E9CBF}.Debug|x64.ActiveCfg = Debug|x64
		{1016BEEA-9B5C-4896-AF57-648ABA1E9CBF}.Debug|x64.Build.0 = Debug|x64
		{1016BEEA-9B5C-4896-AF57-648ABA1E9CBF}.Debug|x64.Deploy.0 = Debug|x64
		{1016BEEA-9B5C-4896-AF57-648ABA1E9CBF}.Debug|x86.ActiveCfg = Debug|x86
		{1016BEEA-9B5C-4896-AF57-648ABA1E9CBF}.Debug|x86.Build.0 = Debug|x86
		{1016BEEA-9B5C-4896-AF57-648ABA1E9CBF}.Debug|x86.Deploy.0 = Debug|x86
		{1016BEEA-9B5C-4896-AF57-648ABA1E9CBF}.Release|Any CPU.ActiveCfg = Release|x86
		{1016BEEA-9B5C-4896-AF57-648ABA1E9CBF}.Release|ARM.ActiveCfg = Release|ARM
		{1016BEEA-9B5C-4896-AF57-648ABA1E9CBF}.Release|ARM.Build.0 = Release|ARM
		{1016BEEA-9B5C-4896-AF57-648ABA1E9CBF}.Release|ARM.Deploy.0 = Release|ARM
		{1016BEEA-9B5C-4896-AF57-648ABA1E9CBF}.Release|iPhone.ActiveCfg = Release|x86
		{1016BEEA-9B5C-4896-AF57-648ABA1E9CBF}.Release|iPhoneSimulator.ActiveCfg = Release|x86
		{1016BEEA-9B5C-4896-AF57-648ABA1E9CBF}.Release|x64.ActiveCfg = Release|x64
		{1016BEEA-9B5C-4896-AF57-648ABA1E9CBF}.Release|x64.Build.0 = Release|x64
		{1016BEEA-9B5C-4896-AF57-648ABA1E9CBF}.Release|x64.Deploy.0 = Release|x64
		{1016BEEA-9B5C-4896-AF57-648ABA1E9CBF}.Release|x86.ActiveCfg = Release|x86
		{1016BEEA-9B5C-4896-AF57-648ABA1E9CBF}.Release|x86.Build.0 = Release|x86
		{1016BEEA-9B5C-4896-AF57-648ABA1E9CBF}.Release|x86.Deploy.0 = Release|x86
		{41109158-8770-49FF-8671-61240DEAC16F}.Ad-Hoc|Any CPU.ActiveCfg = Debug|Any CPU
		{41109158-8770-49FF-8671-61240DEAC16F}.Ad-Hoc|Any CPU.Build.0 = Debug|Any CPU
		{41109158-8770-49FF-8671-61240DEAC16F}.Ad-Hoc|ARM.ActiveCfg = Debug|Any CPU
		{41109158-8770-49FF-8671-61240DEAC16F}.Ad-Hoc|ARM.Build.0 = Debug|Any CPU
		{41109158-8770-49FF-8671-61240DEAC16F}.Ad-Hoc|iPhone.ActiveCfg = Debug|Any CPU
		{41109158-8770-49FF-8671-61240DEAC16F}.Ad-Hoc|iPhone.Build.0 = Debug|Any CPU
		{41109158-8770-49FF-8671-61240DEAC16F}.Ad-Hoc|iPhoneSimulator.ActiveCfg = Debug|Any CPU
		{41109158-8770-49FF-8671-61240DEAC16F}.Ad-Hoc|iPhoneSimulator.Build.0 = Debug|Any CPU
		{41109158-8770-49FF-8671-61240DEAC16F}.Ad-Hoc|x64.ActiveCfg = Debug|Any CPU
		{41109158-8770-49FF-8671-61240DEAC16F}.Ad-Hoc|x64.Build.0 = Debug|Any CPU
		{41109158-8770-49FF-8671-61240DEAC16F}.Ad-Hoc|x86.ActiveCfg = Debug|Any CPU
		{41109158-8770-49FF-8671-61240DEAC16F}.Ad-Hoc|x86.Build.0 = Debug|Any CPU
		{41109158-8770-49FF-8671-61240DEAC16F}.AppStore|Any CPU.ActiveCfg = Debug|Any CPU
		{41109158-8770-49FF-8671-61240DEAC16F}.AppStore|Any CPU.Build.0 = Debug|Any CPU
		{41109158-8770-49FF-8671-61240DEAC16F}.AppStore|ARM.ActiveCfg = Debug|Any CPU
		{41109158-8770-49FF-8671-61240DEAC16F}.AppStore|ARM.Build.0 = Debug|Any CPU
		{41109158-8770-49FF-8671-61240DEAC16F}.AppStore|iPhone.ActiveCfg = Debug|Any CPU
		{41109158-8770-49FF-8671-61240DEAC16F}.AppStore|iPhone.Build.0 = Debug|Any CPU
		{41109158-8770-49FF-8671-61240DEAC16F}.AppStore|iPhoneSimulator.ActiveCfg = Debug|Any CPU
		{41109158-8770-49FF-8671-61240DEAC16F}.AppStore|iPhoneSimulator.Build.0 = Debug|Any CPU
		{41109158-8770-49FF-8671-61240DEAC16F}.AppStore|x64.ActiveCfg = Debug|Any CPU
		{41109158-8770-49FF-8671-61240DEAC16F}.AppStore|x64.Build.0 = Debug|Any CPU
		{41109158-8770-49FF-8671-61240DEAC16F}.AppStore|x86.ActiveCfg = Debug|Any CPU
		{41109158-8770-49FF-8671-61240DEAC16F}.AppStore|x86.Build.0 = Debug|Any CPU
		{41109158-8770-49FF-8671-61240DEAC16F}.Debug|Any CPU.ActiveCfg = Debug|Any CPU
		{41109158-8770-49FF-8671-61240DEAC16F}.Debug|Any CPU.Build.0 = Debug|Any CPU
		{41109158-8770-49FF-8671-61240DEAC16F}.Debug|ARM.ActiveCfg = Debug|Any CPU
		{41109158-8770-49FF-8671-61240DEAC16F}.Debug|ARM.Build.0 = Debug|Any CPU
		{41109158-8770-49FF-8671-61240DEAC16F}.Debug|iPhone.ActiveCfg = Debug|Any CPU
		{41109158-8770-49FF-8671-61240DEAC16F}.Debug|iPhone.Build.0 = Debug|Any CPU
		{41109158-8770-49FF-8671-61240DEAC16F}.Debug|iPhoneSimulator.ActiveCfg = Debug|Any CPU
		{41109158-8770-49FF-8671-61240DEAC16F}.Debug|iPhoneSimulator.Build.0 = Debug|Any CPU
		{41109158-8770-49FF-8671-61240DEAC16F}.Debug|x64.ActiveCfg = Debug|Any CPU
		{41109158-8770-49FF-8671-61240DEAC16F}.Debug|x64.Build.0 = Debug|Any CPU
		{41109158-8770-49FF-8671-61240DEAC16F}.Debug|x86.ActiveCfg = Debug|Any CPU
		{41109158-8770-49FF-8671-61240DEAC16F}.Debug|x86.Build.0 = Debug|Any CPU
		{41109158-8770-49FF-8671-61240DEAC16F}.Release|Any CPU.ActiveCfg = Release|Any CPU
		{41109158-8770-49FF-8671-61240DEAC16F}.Release|Any CPU.Build.0 = Release|Any CPU
		{41109158-8770-49FF-8671-61240DEAC16F}.Release|ARM.ActiveCfg = Release|Any CPU
		{41109158-8770-49FF-8671-61240DEAC16F}.Release|ARM.Build.0 = Release|Any CPU
		{41109158-8770-49FF-8671-61240DEAC16F}.Release|iPhone.ActiveCfg = Release|Any CPU
		{41109158-8770-49FF-8671-61240DEAC16F}.Release|iPhone.Build.0 = Release|Any CPU
		{41109158-8770-49FF-8671-61240DEAC16F}.Release|iPhoneSimulator.ActiveCfg = Release|Any CPU
		{41109158-8770-49FF-8671-61240DEAC16F}.Release|iPhoneSimulator.Build.0 = Release|Any CPU
		{41109158-8770-49FF-8671-61240DEAC16F}.Release|x64.ActiveCfg = Release|Any CPU
		{41109158-8770-49FF-8671-61240DEAC16F}.Release|x64.Build.0 = Release|Any CPU
		{41109158-8770-49FF-8671-61240DEAC16F}.Release|x86.ActiveCfg = Release|Any CPU
		{41109158-8770-49FF-8671-61240DEAC16F}.Release|x86.Build.0 = Release|Any CPU
	EndGlobalSection
	GlobalSection(SolutionProperties) = preSolution
		HideSolutionNode = FALSE
	EndGlobalSection
	GlobalSection(ExtensibilityGlobals) = postSolution
		SolutionGuid = {B8AD58DE-2433-4189-AE66-1D7813A6E546}
	EndGlobalSection
EndGlobal
